<?xml version="1.0" encoding="utf-8"?>
<Project ToolsVersion="4.0" xmlns="http://schemas.microsoft.com/developer/msbuild/2003">
  <ItemGroup>
    <ClInclude Include="stdafx.h" />
    <ClInclude Include="resources\resource.h">
      <Filter>resources</Filter>
    </ClInclude>
    <ClInclude Include="TrayIcon.h" />
    <ClInclude Include="App.h" />
    <ClInclude Include="nlohmann\json.hpp">
      <Filter>nlohmann</Filter>
    </ClInclude>
    <ClInclude Include="Config.h" />
    <ClInclude Include="bass\bass.h">
      <Filter>bass</Filter>
    </ClInclude>
    <ClInclude Include="Player.h" />
  </ItemGroup>
  <ItemGroup>
    <ClCompile Include="stdafx.cpp" />
    <ClCompile Include="main.cpp" />
    <ClCompile Include="TrayIcon.cpp" />
    <ClCompile Include="App.cpp" />
    <ClCompile Include="Config.cpp" />
    <ClCompile Include="Player.cpp" />
  </ItemGroup>
  <ItemGroup>
    <Filter Include="resources">
      <UniqueIdentifier>{1edf47fb-0575-4c89-b3c1-fd06cef049d6}</UniqueIdentifier>
    </Filter>
    <Filter Include="nlohmann">
      <UniqueIdentifier>{b44090ec-f5dd-4400-a27f-7e47fbafc04d}</UniqueIdentifier>
    </Filter>
    <Filter Include="bass">
      <UniqueIdentifier>{cf78b855-ed13-481a-99b4-deed384d7265}</UniqueIdentifier>
    </Filter>
  </ItemGroup>
  <ItemGroup>
    <Image Include="resources\play.ico">
      <Filter>resources</Filter>
    </Image>
    <Image Include="resources\playtray.ico">
      <Filter>resources</Filter>
    </Image>
  </ItemGroup>
  <ItemGroup>
    <ResourceCompile Include="resources\playtray.rc">
      <Filter>resources</Filter>
    </ResourceCompile>
  </ItemGroup>
</Project>