
Microsoft Visual Studio Solution File, Format Version 12.00
# Visual Studio Version 16
VisualStudioVersion = 16.0.29920.165
MinimumVisualStudioVersion = 10.0.40219.1
Project("{8BC9CEB8-8B4A-11D0-8D11-00A0C91BC942}") = "playtray", "playtray.vcxproj", "{E947868D-B483-4548-B0E3-A3DE94ABDB0B}"
EndProject
Global
	GlobalSection(SolutionConfigurationPlatforms) = preSolution
		Debug|x64 = Debug|x64
		Release|x64 = Release|x64
	EndGlobalSection
	GlobalSection(ProjectConfigurationPlatforms) = postSolution
		{E947868D-B483-4548-B0E3-A3DE94ABDB0B}.Debug|x64.ActiveCfg = Debug|x64
		{E947868D-B483-4548-B0E3-A3DE94ABDB0B}.Debug|x64.Build.0 = Debug|x64
		{E947868D-B483-4548-B0E3-A3DE94ABDB0B}.Release|x64.ActiveCfg = Release|x64
		{E947868D-B483-4548-B0E3-A3DE94ABDB0B}.Release|x64.Build.0 = Release|x64
	EndGlobalSection
	GlobalSection(SolutionProperties) = preSolution
		HideSolutionNode = FALSE
	EndGlobalSection
	GlobalSection(ExtensibilityGlobals) = postSolution
		SolutionGuid = {7176E1EC-D039-4314-A45A-3ABFBEA74278}
	EndGlobalSection
EndGlobal
